
Microsoft Visual Studio Solution File, Format Version 12.00
# Visual Studio 15
VisualStudioVersion = 15.0.26730.16
MinimumVisualStudioVersion = 10.0.40219.1
Project("{FAE04EC0-301F-11D3-BF4B-00C04F79EFBC}") = "Atom.Toolbox", "Atom.Toolbox\Atom.Toolbox.csproj", "{59121A26-BCB4-44DF-ABE8-72CC6AF20B07}"
EndProject
Project("{FAE04EC0-301F-11D3-BF4B-00C04F79EFBC}") = "Atom.Module.Base64Url", "Atom.Module.Base64Url\Atom.Module.Base64Url.csproj", "{B0027237-A098-47E4-BEC1-DD1C82767A99}"
EndProject
Project("{2150E333-8FDC-42A3-9474-1A3956D46DE8}") = "Base64Url", "Base64Url", "{E0EDAE0F-D770-4FA3-980B-24F2483D8FA8}"
EndProject
Project("{FAE04EC0-301F-11D3-BF4B-00C04F79EFBC}") = "Atom.Module.Base64Url.Tests", "Atom.Module.Base64Url.Tests\Atom.Module.Base64Url.Tests.csproj", "{2F1AFCCC-AA4D-4A6C-AC28-C35AB9724F15}"
EndProject
Project("{FAE04EC0-301F-11D3-BF4B-00C04F79EFBC}") = "Atom.Module.Configuration", "Atom.Module.Configuration\Atom.Module.Configuration.csproj", "{CA09F4B3-8EBB-4324-BFF9-402E4DAB95AD}"
EndProject
Project("{FAE04EC0-301F-11D3-BF4B-00C04F79EFBC}") = "Atom.Module.Configuration.Json", "Atom.Module.Configuration.Json\Atom.Module.Configuration.Json.csproj", "{66A92AC7-61BF-43F0-AF89-E341604006C3}"
EndProject
Project("{FAE04EC0-301F-11D3-BF4B-00C04F79EFBC}") = "Atom.Module.Configuration.Tests", "Atom.Module.Configuration.Tests\Atom.Module.Configuration.Tests.csproj", "{BCE8801F-D8C0-427F-94B2-C7744181CA7F}"
EndProject
Project("{2150E333-8FDC-42A3-9474-1A3956D46DE8}") = "Configuration", "Configuration", "{4472E5C6-1AA9-4ED9-B54F-42D1D28996CF}"
EndProject
Global
	GlobalSection(SolutionConfigurationPlatforms) = preSolution
		Debug|Any CPU = Debug|Any CPU
		Release|Any CPU = Release|Any CPU
	EndGlobalSection
	GlobalSection(ProjectConfigurationPlatforms) = postSolution
		{59121A26-BCB4-44DF-ABE8-72CC6AF20B07}.Debug|Any CPU.ActiveCfg = Debug|Any CPU
		{59121A26-BCB4-44DF-ABE8-72CC6AF20B07}.Debug|Any CPU.Build.0 = Debug|Any CPU
		{59121A26-BCB4-44DF-ABE8-72CC6AF20B07}.Release|Any CPU.ActiveCfg = Release|Any CPU
		{59121A26-BCB4-44DF-ABE8-72CC6AF20B07}.Release|Any CPU.Build.0 = Release|Any CPU
		{B0027237-A098-47E4-BEC1-DD1C82767A99}.Debug|Any CPU.ActiveCfg = Debug|Any CPU
		{B0027237-A098-47E4-BEC1-DD1C82767A99}.Debug|Any CPU.Build.0 = Debug|Any CPU
		{B0027237-A098-47E4-BEC1-DD1C82767A99}.Release|Any CPU.ActiveCfg = Release|Any CPU
		{B0027237-A098-47E4-BEC1-DD1C82767A99}.Release|Any CPU.Build.0 = Release|Any CPU
		{2F1AFCCC-AA4D-4A6C-AC28-C35AB9724F15}.Debug|Any CPU.ActiveCfg = Debug|Any CPU
		{2F1AFCCC-AA4D-4A6C-AC28-C35AB9724F15}.Debug|Any CPU.Build.0 = Debug|Any CPU
		{2F1AFCCC-AA4D-4A6C-AC28-C35AB9724F15}.Release|Any CPU.ActiveCfg = Release|Any CPU
		{2F1AFCCC-AA4D-4A6C-AC28-C35AB9724F15}.Release|Any CPU.Build.0 = Release|Any CPU
		{CA09F4B3-8EBB-4324-BFF9-402E4DAB95AD}.Debug|Any CPU.ActiveCfg = Debug|Any CPU
		{CA09F4B3-8EBB-4324-BFF9-402E4DAB95AD}.Debug|Any CPU.Build.0 = Debug|Any CPU
		{CA09F4B3-8EBB-4324-BFF9-402E4DAB95AD}.Release|Any CPU.ActiveCfg = Release|Any CPU
		{CA09F4B3-8EBB-4324-BFF9-402E4DAB95AD}.Release|Any CPU.Build.0 = Release|Any CPU
		{66A92AC7-61BF-43F0-AF89-E341604006C3}.Debug|Any CPU.ActiveCfg = Debug|Any CPU
		{66A92AC7-61BF-43F0-AF89-E341604006C3}.Debug|Any CPU.Build.0 = Debug|Any CPU
		{66A92AC7-61BF-43F0-AF89-E341604006C3}.Release|Any CPU.ActiveCfg = Release|Any CPU
		{66A92AC7-61BF-43F0-AF89-E341604006C3}.Release|Any CPU.Build.0 = Release|Any CPU
		{BCE8801F-D8C0-427F-94B2-C7744181CA7F}.Debug|Any CPU.ActiveCfg = Debug|Any CPU
		{BCE8801F-D8C0-427F-94B2-C7744181CA7F}.Debug|Any CPU.Build.0 = Debug|Any CPU
		{BCE8801F-D8C0-427F-94B2-C7744181CA7F}.Release|Any CPU.ActiveCfg = Release|Any CPU
		{BCE8801F-D8C0-427F-94B2-C7744181CA7F}.Release|Any CPU.Build.0 = Release|Any CPU
	EndGlobalSection
	GlobalSection(SolutionProperties) = preSolution
		HideSolutionNode = FALSE
	EndGlobalSection
	GlobalSection(NestedProjects) = preSolution
		{B0027237-A098-47E4-BEC1-DD1C82767A99} = {E0EDAE0F-D770-4FA3-980B-24F2483D8FA8}
		{2F1AFCCC-AA4D-4A6C-AC28-C35AB9724F15} = {E0EDAE0F-D770-4FA3-980B-24F2483D8FA8}
		{CA09F4B3-8EBB-4324-BFF9-402E4DAB95AD} = {4472E5C6-1AA9-4ED9-B54F-42D1D28996CF}
		{BCE8801F-D8C0-427F-94B2-C7744181CA7F} = {4472E5C6-1AA9-4ED9-B54F-42D1D28996CF}
	EndGlobalSection
	GlobalSection(ExtensibilityGlobals) = postSolution
		SolutionGuid = {3853DF28-8D3C-491D-92C6-155959442798}
	EndGlobalSection
EndGlobal
